
Microsoft Visual Studio Solution File, Format Version 12.00
# Visual Studio Version 16
VisualStudioVersion = 16.0.30611.23
MinimumVisualStudioVersion = 10.0.40219.1
Project("{FAE04EC0-301F-11D3-BF4B-00C04F79EFBC}") = "IVRYMenu (Amoung Us) V.1", "Cheats\IVRYMenu (Amoung Us) V.1.csproj", "{A3D3C2D3-F1DD-4E82-BEA1-F93EC555007B}"
EndProject
Project("{FAE04EC0-301F-11D3-BF4B-00C04F79EFBC}") = "AmongUsMemory", "AmongUsMemory\AmongUsMemory.csproj", "{9C2E0EB7-22C8-4A6C-99C5-0ED011E671A8}"
EndProject
Global
	GlobalSection(SolutionConfigurationPlatforms) = preSolution
		Debug|Any CPU = Debug|Any CPU
		Release|Any CPU = Release|Any CPU
	EndGlobalSection
	GlobalSection(ProjectConfigurationPlatforms) = postSolution
		{A3D3C2D3-F1DD-4E82-BEA1-F93EC555007B}.Debug|Any CPU.ActiveCfg = Debug|Any CPU
		{A3D3C2D3-F1DD-4E82-BEA1-F93EC555007B}.Debug|Any CPU.Build.0 = Debug|Any CPU
		{A3D3C2D3-F1DD-4E82-BEA1-F93EC555007B}.Release|Any CPU.ActiveCfg = Release|Any CPU
		{A3D3C2D3-F1DD-4E82-BEA1-F93EC555007B}.Release|Any CPU.Build.0 = Release|Any CPU
		{9C2E0EB7-22C8-4A6C-99C5-0ED011E671A8}.Debug|Any CPU.ActiveCfg = Debug|Any CPU
		{9C2E0EB7-22C8-4A6C-99C5-0ED011E671A8}.Debug|Any CPU.Build.0 = Debug|Any CPU
		{9C2E0EB7-22C8-4A6C-99C5-0ED011E671A8}.Release|Any CPU.ActiveCfg = Release|Any CPU
		{9C2E0EB7-22C8-4A6C-99C5-0ED011E671A8}.Release|Any CPU.Build.0 = Release|Any CPU
	EndGlobalSection
	GlobalSection(SolutionProperties) = preSolution
		HideSolutionNode = FALSE
	EndGlobalSection
	GlobalSection(ExtensibilityGlobals) = postSolution
		SolutionGuid = {EDCFB695-AB7D-44B4-BD30-FE906A638E86}
	EndGlobalSection
EndGlobal
